
Microsoft Visual Studio Solution File, Format Version 12.00
# Visual Studio Version 16
VisualStudioVersion = 16.0.30320.27
MinimumVisualStudioVersion = 10.0.40219.1
Project("{9A19103F-16F7-4668-BE54-9A1E7A4F7556}") = "MISA.CukCuk", "MISA.CukCuk\MISA.CukCuk.csproj", "{4244F018-A028-4746-926E-0B5A0F77CB69}"
EndProject
Project("{FAE04EC0-301F-11D3-BF4B-00C04F79EFBC}") = "MISA.DataAccess", "MISA.DataAccess\MISA.DataAccess.csproj", "{5138AB0B-1A9F-4320-98C4-2F77B8C473C1}"
EndProject
Project("{FAE04EC0-301F-11D3-BF4B-00C04F79EFBC}") = "MISA.Common", "MISA.Common\MISA.Common.csproj", "{C884864A-0BB3-472D-A295-614D16BCB621}"
EndProject
Project("{FAE04EC0-301F-11D3-BF4B-00C04F79EFBC}") = "MISA.Bussiness", "MISA.Bussiness\MISA.Bussiness.csproj", "{B5327AC3-7870-4AA4-97CA-A2BED25DCD08}"
EndProject
Global
	GlobalSection(SolutionConfigurationPlatforms) = preSolution
		Debug|Any CPU = Debug|Any CPU
		Release|Any CPU = Release|Any CPU
	EndGlobalSection
	GlobalSection(ProjectConfigurationPlatforms) = postSolution
		{4244F018-A028-4746-926E-0B5A0F77CB69}.Debug|Any CPU.ActiveCfg = Debug|Any CPU
		{4244F018-A028-4746-926E-0B5A0F77CB69}.Debug|Any CPU.Build.0 = Debug|Any CPU
		{4244F018-A028-4746-926E-0B5A0F77CB69}.Release|Any CPU.ActiveCfg = Release|Any CPU
		{4244F018-A028-4746-926E-0B5A0F77CB69}.Release|Any CPU.Build.0 = Release|Any CPU
		{5138AB0B-1A9F-4320-98C4-2F77B8C473C1}.Debug|Any CPU.ActiveCfg = Debug|Any CPU
		{5138AB0B-1A9F-4320-98C4-2F77B8C473C1}.Debug|Any CPU.Build.0 = Debug|Any CPU
		{5138AB0B-1A9F-4320-98C4-2F77B8C473C1}.Release|Any CPU.ActiveCfg = Release|Any CPU
		{5138AB0B-1A9F-4320-98C4-2F77B8C473C1}.Release|Any CPU.Build.0 = Release|Any CPU
		{C884864A-0BB3-472D-A295-614D16BCB621}.Debug|Any CPU.ActiveCfg = Debug|Any CPU
		{C884864A-0BB3-472D-A295-614D16BCB621}.Debug|Any CPU.Build.0 = Debug|Any CPU
		{C884864A-0BB3-472D-A295-614D16BCB621}.Release|Any CPU.ActiveCfg = Release|Any CPU
		{C884864A-0BB3-472D-A295-614D16BCB621}.Release|Any CPU.Build.0 = Release|Any CPU
		{B5327AC3-7870-4AA4-97CA-A2BED25DCD08}.Debug|Any CPU.ActiveCfg = Debug|Any CPU
		{B5327AC3-7870-4AA4-97CA-A2BED25DCD08}.Debug|Any CPU.Build.0 = Debug|Any CPU
		{B5327AC3-7870-4AA4-97CA-A2BED25DCD08}.Release|Any CPU.ActiveCfg = Release|Any CPU
		{B5327AC3-7870-4AA4-97CA-A2BED25DCD08}.Release|Any CPU.Build.0 = Release|Any CPU
	EndGlobalSection
	GlobalSection(SolutionProperties) = preSolution
		HideSolutionNode = FALSE
	EndGlobalSection
	GlobalSection(ExtensibilityGlobals) = postSolution
		SolutionGuid = {8AEAD989-AF97-42D7-B12C-F8CC055C5EA8}
	EndGlobalSection
EndGlobal
